
Microsoft Visual Studio Solution File, Format Version 12.00
# Visual Studio Version 17
VisualStudioVersion = 17.14.36109.1 d17.14
MinimumVisualStudioVersion = 10.0.40219.1
Project("{2150E333-8FDC-42A3-9474-1A3956D46DE8}") = "src", "src", "{02EA681E-C7D8-13C7-8484-4AC65E1B71E8}"
EndProject
Project("{FAE04EC0-301F-11D3-BF4B-00C04F79EFBC}") = "Ecom.Core", "Ecom.Core\Ecom.Core.csproj", "{2702A9D6-7CBB-4686-A02D-D8CF07DEB0A5}"
EndProject
Project("{FAE04EC0-301F-11D3-BF4B-00C04F79EFBC}") = "Ecom.infrastructure", "Ecom.infrastructure\Ecom.infrastructure.csproj", "{1C5A403B-7FA5-499C-A920-9F4C7F578394}"
EndProject
Project("{FAE04EC0-301F-11D3-BF4B-00C04F79EFBC}") = "Ecom.API", "Ecom.API\Ecom.API.csproj", "{2D62747E-6C84-41EE-B5C5-0D31AF8562B6}"
EndProject
Global
	GlobalSection(SolutionConfigurationPlatforms) = preSolution
		Debug|Any CPU = Debug|Any CPU
		Release|Any CPU = Release|Any CPU
	EndGlobalSection
	GlobalSection(ProjectConfigurationPlatforms) = postSolution
		{2702A9D6-7CBB-4686-A02D-D8CF07DEB0A5}.Debug|Any CPU.ActiveCfg = Debug|Any CPU
		{2702A9D6-7CBB-4686-A02D-D8CF07DEB0A5}.Debug|Any CPU.Build.0 = Debug|Any CPU
		{2702A9D6-7CBB-4686-A02D-D8CF07DEB0A5}.Release|Any CPU.ActiveCfg = Release|Any CPU
		{2702A9D6-7CBB-4686-A02D-D8CF07DEB0A5}.Release|Any CPU.Build.0 = Release|Any CPU
		{1C5A403B-7FA5-499C-A920-9F4C7F578394}.Debug|Any CPU.ActiveCfg = Debug|Any CPU
		{1C5A403B-7FA5-499C-A920-9F4C7F578394}.Debug|Any CPU.Build.0 = Debug|Any CPU
		{1C5A403B-7FA5-499C-A920-9F4C7F578394}.Release|Any CPU.ActiveCfg = Release|Any CPU
		{1C5A403B-7FA5-499C-A920-9F4C7F578394}.Release|Any CPU.Build.0 = Release|Any CPU
		{2D62747E-6C84-41EE-B5C5-0D31AF8562B6}.Debug|Any CPU.ActiveCfg = Debug|Any CPU
		{2D62747E-6C84-41EE-B5C5-0D31AF8562B6}.Debug|Any CPU.Build.0 = Debug|Any CPU
		{2D62747E-6C84-41EE-B5C5-0D31AF8562B6}.Release|Any CPU.ActiveCfg = Release|Any CPU
		{2D62747E-6C84-41EE-B5C5-0D31AF8562B6}.Release|Any CPU.Build.0 = Release|Any CPU
	EndGlobalSection
	GlobalSection(SolutionProperties) = preSolution
		HideSolutionNode = FALSE
	EndGlobalSection
	GlobalSection(NestedProjects) = preSolution
		{2702A9D6-7CBB-4686-A02D-D8CF07DEB0A5} = {02EA681E-C7D8-13C7-8484-4AC65E1B71E8}
		{1C5A403B-7FA5-499C-A920-9F4C7F578394} = {02EA681E-C7D8-13C7-8484-4AC65E1B71E8}
		{2D62747E-6C84-41EE-B5C5-0D31AF8562B6} = {02EA681E-C7D8-13C7-8484-4AC65E1B71E8}
	EndGlobalSection
	GlobalSection(ExtensibilityGlobals) = postSolution
		SolutionGuid = {02FF50AC-67B5-47ED-88F3-6FC937EADFED}
	EndGlobalSection
EndGlobal
